// !$*UTF8*$!
{
	archiveVersion = 1;
	classes = {
	};
	objectVersion = 46;
	objects = {

/* Begin PBXBuildFile section */
		043C24582122D5D8003616DF /* ColumnsSliced.fsh in Resources */ = {isa = PBXBuildFile; fileRef = 043C24562122D5D7003616DF /* ColumnsSliced.fsh */; };
		043C24592122D5D8003616DF /* EdgeDiscard.fsh in Resources */ = {isa = PBXBuildFile; fileRef = 043C24572122D5D8003616DF /* EdgeDiscard.fsh */; };
		043D239321181F4200422204 /* Hallucination.fsh in Resources */ = {isa = PBXBuildFile; fileRef = 043D239221181F4200422204 /* Hallucination.fsh */; };
		043D23952118293C00422204 /* Multicoloured.fsh in Resources */ = {isa = PBXBuildFile; fileRef = 043D23942118293C00422204 /* Multicoloured.fsh */; };
		043D23972118452500422204 /* OldVideo.fsh in Resources */ = {isa = PBXBuildFile; fileRef = 043D23962118452400422204 /* OldVideo.fsh */; };
		043D2399211855D200422204 /* X_invert.fsh in Resources */ = {isa = PBXBuildFile; fileRef = 043D2398211855D100422204 /* X_invert.fsh */; };
		043D239B2118631D00422204 /* EdgeShine.fsh in Resources */ = {isa = PBXBuildFile; fileRef = 043D239A2118631D00422204 /* EdgeShine.fsh */; };
		0446CE81210ECD5C00D421A0 /* Stretch.fsh in Resources */ = {isa = PBXBuildFile; fileRef = 0446CE80210ECD5C00D421A0 /* Stretch.fsh */; };
		0446CE84210EF19400D421A0 /* Symmetry.fsh in Resources */ = {isa = PBXBuildFile; fileRef = 0446CE83210EF19400D421A0 /* Symmetry.fsh */; };
		0446CE86210F05E200D421A0 /* Bulge.fsh in Resources */ = {isa = PBXBuildFile; fileRef = 0446CE85210F05E200D421A0 /* Bulge.fsh */; };
		0446CE88210F16DD00D421A0 /* Fake3D.fsh in Resources */ = {isa = PBXBuildFile; fileRef = 0446CE87210F16DD00D421A0 /* Fake3D.fsh */; };
		044726F720DE2DB400972FD5 /* CoreVideo.framework in Frameworks */ = {isa = PBXBuildFile; fileRef = 044726F620DE2DB400972FD5 /* CoreVideo.framework */; };
		044726F920DE341700972FD5 /* AVFoundation.framework in Frameworks */ = {isa = PBXBuildFile; fileRef = 044726F820DE341700972FD5 /* AVFoundation.framework */; };
		044726FB20DE341D00972FD5 /* AssetsLibrary.framework in Frameworks */ = {isa = PBXBuildFile; fileRef = 044726FA20DE341D00972FD5 /* AssetsLibrary.framework */; };
		044726FD20DE344A00972FD5 /* CoreFoundation.framework in Frameworks */ = {isa = PBXBuildFile; fileRef = 044726FC20DE344900972FD5 /* CoreFoundation.framework */; };
		044726FF20DE348000972FD5 /* CoreMedia.framework in Frameworks */ = {isa = PBXBuildFile; fileRef = 044726FE20DE348000972FD5 /* CoreMedia.framework */; };
		0447270420DE4E1B00972FD5 /* QuartzCore.framework in Frameworks */ = {isa = PBXBuildFile; fileRef = 0447270320DE4E1B00972FD5 /* QuartzCore.framework */; };
		044790292125809800FF8A72 /* Snow.fsh in Resources */ = {isa = PBXBuildFile; fileRef = 044790282125809800FF8A72 /* Snow.fsh */; };
		0447902E212D3FB500FF8A72 /* MainViewController.m in Sources */ = {isa = PBXBuildFile; fileRef = 0447902C212D3FB500FF8A72 /* MainViewController.m */; };
		04479038212E5CF900FF8A72 /* TableViewController.m in Sources */ = {isa = PBXBuildFile; fileRef = 04479037212E5CF900FF8A72 /* TableViewController.m */; };
		0447905F212E676F00FF8A72 /* empty_btn.png in Resources */ = {isa = PBXBuildFile; fileRef = 0447904F212E676F00FF8A72 /* empty_btn.png */; };
		04479060212E676F00FF8A72 /* test_9.png in Resources */ = {isa = PBXBuildFile; fileRef = 04479050212E676F00FF8A72 /* test_9.png */; };
		04479061212E676F00FF8A72 /* test_8.png in Resources */ = {isa = PBXBuildFile; fileRef = 04479051212E676F00FF8A72 /* test_8.png */; };
		04479062212E676F00FF8A72 /* test_11.png in Resources */ = {isa = PBXBuildFile; fileRef = 04479052212E676F00FF8A72 /* test_11.png */; };
		04479063212E676F00FF8A72 /* test_10.png in Resources */ = {isa = PBXBuildFile; fileRef = 04479053212E676F00FF8A72 /* test_10.png */; };
		04479064212E676F00FF8A72 /* empty_btn_highlight.png in Resources */ = {isa = PBXBuildFile; fileRef = 04479054212E676F00FF8A72 /* empty_btn_highlight.png */; };
		04479065212E676F00FF8A72 /* bg_main.jpg in Resources */ = {isa = PBXBuildFile; fileRef = 04479055212E676F00FF8A72 /* bg_main.jpg */; };
		04479066212E676F00FF8A72 /* test_3.png in Resources */ = {isa = PBXBuildFile; fileRef = 04479056212E676F00FF8A72 /* test_3.png */; };
		04479067212E676F00FF8A72 /* test_2.png in Resources */ = {isa = PBXBuildFile; fileRef = 04479057212E676F00FF8A72 /* test_2.png */; };
		04479068212E676F00FF8A72 /* test_0.png in Resources */ = {isa = PBXBuildFile; fileRef = 04479058212E676F00FF8A72 /* test_0.png */; };
		04479069212E676F00FF8A72 /* center_btn.png in Resources */ = {isa = PBXBuildFile; fileRef = 04479059212E676F00FF8A72 /* center_btn.png */; };
		0447906A212E676F00FF8A72 /* test_1.png in Resources */ = {isa = PBXBuildFile; fileRef = 0447905A212E676F00FF8A72 /* test_1.png */; };
		0447906B212E676F00FF8A72 /* test_5.png in Resources */ = {isa = PBXBuildFile; fileRef = 0447905B212E676F00FF8A72 /* test_5.png */; };
		0447906C212E676F00FF8A72 /* test_4.png in Resources */ = {isa = PBXBuildFile; fileRef = 0447905C212E676F00FF8A72 /* test_4.png */; };
		0447906D212E676F00FF8A72 /* test_6.png in Resources */ = {isa = PBXBuildFile; fileRef = 0447905D212E676F00FF8A72 /* test_6.png */; };
		0447906E212E676F00FF8A72 /* test_7.png in Resources */ = {isa = PBXBuildFile; fileRef = 0447905E212E676F00FF8A72 /* test_7.png */; };
		04479071212E6FEE00FF8A72 /* CollectionViewCell.m in Sources */ = {isa = PBXBuildFile; fileRef = 04479070212E6FEE00FF8A72 /* CollectionViewCell.m */; };
		044AD3B021228E6900B6026E /* ToneCurve.fsh in Resources */ = {isa = PBXBuildFile; fileRef = 044AD3AF21228E6900B6026E /* ToneCurve.fsh */; };
		044AD3B32122935B00B6026E /* NVToneCurveTexture.m in Sources */ = {isa = PBXBuildFile; fileRef = 044AD3B22122935B00B6026E /* NVToneCurveTexture.m */; };
		044AD3B6212293F900B6026E /* NVACVFile.m in Sources */ = {isa = PBXBuildFile; fileRef = 044AD3B5212293F900B6026E /* NVACVFile.m */; };
		044AD4692122B69200B6026E /* 草木绿.acv in Resources */ = {isa = PBXBuildFile; fileRef = 044AD42E2122B68D00B6026E /* 草木绿.acv */; };
		044AD46A2122B69200B6026E /* 周末.png in Resources */ = {isa = PBXBuildFile; fileRef = 044AD42F2122B68D00B6026E /* 周末.png */; };
		044AD46B2122B69200B6026E /* 纯净.acv in Resources */ = {isa = PBXBuildFile; fileRef = 044AD4302122B68D00B6026E /* 纯净.acv */; };
		044AD46C2122B69200B6026E /* 童话.acv in Resources */ = {isa = PBXBuildFile; fileRef = 044AD4312122B68D00B6026E /* 童话.acv */; };
		044AD46D2122B69200B6026E /* 奶茶.acv in Resources */ = {isa = PBXBuildFile; fileRef = 044AD4322122B68D00B6026E /* 奶茶.acv */; };
		044AD46E2122B69200B6026E /* 冰凉.acv in Resources */ = {isa = PBXBuildFile; fileRef = 044AD4332122B68D00B6026E /* 冰凉.acv */; };
		044AD46F2122B69200B6026E /* 奶茶.png in Resources */ = {isa = PBXBuildFile; fileRef = 044AD4342122B68D00B6026E /* 奶茶.png */; };
		044AD4702122B69200B6026E /* 晚秋.acv in Resources */ = {isa = PBXBuildFile; fileRef = 044AD4352122B68E00B6026E /* 晚秋.acv */; };
		044AD4712122B69200B6026E /* 初夏.png in Resources */ = {isa = PBXBuildFile; fileRef = 044AD4362122B68E00B6026E /* 初夏.png */; };
		044AD4722122B69200B6026E /* 清新.acv in Resources */ = {isa = PBXBuildFile; fileRef = 044AD4372122B68E00B6026E /* 清新.acv */; };
		044AD4732122B69200B6026E /* 正常.acv in Resources */ = {isa = PBXBuildFile; fileRef = 044AD4382122B68E00B6026E /* 正常.acv */; };
		044AD4742122B69200B6026E /* 晚秋.png in Resources */ = {isa = PBXBuildFile; fileRef = 044AD4392122B68E00B6026E /* 晚秋.png */; };
		044AD4752122B69200B6026E /* 印象.acv in Resources */ = {isa = PBXBuildFile; fileRef = 044AD43A2122B68E00B6026E /* 印象.acv */; };
		044AD4762122B69200B6026E /* 暖暖.acv in Resources */ = {isa = PBXBuildFile; fileRef = 044AD43B2122B68E00B6026E /* 暖暖.acv */; };
		044AD4772122B69200B6026E /* 印象.png in Resources */ = {isa = PBXBuildFile; fileRef = 044AD43C2122B68E00B6026E /* 印象.png */; };
		044AD4782122B69200B6026E /* 碧海.acv in Resources */ = {isa = PBXBuildFile; fileRef = 044AD43D2122B68E00B6026E /* 碧海.acv */; };
		044AD4792122B69200B6026E /* 正常.png in Resources */ = {isa = PBXBuildFile; fileRef = 044AD43E2122B68E00B6026E /* 正常.png */; };
		044AD47A2122B69200B6026E /* 回忆.png in Resources */ = {isa = PBXBuildFile; fileRef = 044AD43F2122B68E00B6026E /* 回忆.png */; };
		044AD47B2122B69200B6026E /* 天真.acv in Resources */ = {isa = PBXBuildFile; fileRef = 044AD4402122B68E00B6026E /* 天真.acv */; };
		044AD47C2122B69200B6026E /* 暖暖.png in Resources */ = {isa = PBXBuildFile; fileRef = 044AD4412122B68E00B6026E /* 暖暖.png */; };
		044AD47D2122B69200B6026E /* 布丁.png in Resources */ = {isa = PBXBuildFile; fileRef = 044AD4422122B68E00B6026E /* 布丁.png */; };
		044AD47E2122B69200B6026E /* 柏林.png in Resources */ = {isa = PBXBuildFile; fileRef = 044AD4432122B68F00B6026E /* 柏林.png */; };
		044AD47F2122B69200B6026E /* 周末.acv in Resources */ = {isa = PBXBuildFile; fileRef = 044AD4442122B68F00B6026E /* 周末.acv */; };
		044AD4802122B69200B6026E /* 回忆.acv in Resources */ = {isa = PBXBuildFile; fileRef = 044AD4452122B68F00B6026E /* 回忆.acv */; };
		044AD4812122B69200B6026E /* 午后.png in Resources */ = {isa = PBXBuildFile; fileRef = 044AD4462122B68F00B6026E /* 午后.png */; };
		044AD4822122B69200B6026E /* 冬青.acv in Resources */ = {isa = PBXBuildFile; fileRef = 044AD4472122B68F00B6026E /* 冬青.acv */; };
		044AD4832122B69200B6026E /* 黄昏.acv in Resources */ = {isa = PBXBuildFile; fileRef = 044AD4482122B68F00B6026E /* 黄昏.acv */; };
		044AD4842122B69200B6026E /* 加州.png in Resources */ = {isa = PBXBuildFile; fileRef = 044AD4492122B68F00B6026E /* 加州.png */; };
		044AD4852122B69200B6026E /* 片场.acv in Resources */ = {isa = PBXBuildFile; fileRef = 044AD44A2122B68F00B6026E /* 片场.acv */; };
		044AD4872122B69200B6026E /* 草木绿.png in Resources */ = {isa = PBXBuildFile; fileRef = 044AD44C2122B68F00B6026E /* 草木绿.png */; };
		044AD4882122B69200B6026E /* 棉花糖.acv in Resources */ = {isa = PBXBuildFile; fileRef = 044AD44D2122B69000B6026E /* 棉花糖.acv */; };
		044AD4892122B69200B6026E /* 柏林.acv in Resources */ = {isa = PBXBuildFile; fileRef = 044AD44E2122B69000B6026E /* 柏林.acv */; };
		044AD48A2122B69200B6026E /* 夜店.acv in Resources */ = {isa = PBXBuildFile; fileRef = 044AD44F2122B69000B6026E /* 夜店.acv */; };
		044AD48B2122B69200B6026E /* 曲奇.acv in Resources */ = {isa = PBXBuildFile; fileRef = 044AD4502122B69000B6026E /* 曲奇.acv */; };
		044AD48C2122B69200B6026E /* 天真.png in Resources */ = {isa = PBXBuildFile; fileRef = 044AD4512122B69000B6026E /* 天真.png */; };
		044AD48D2122B69200B6026E /* 薄荷.png in Resources */ = {isa = PBXBuildFile; fileRef = 044AD4522122B69000B6026E /* 薄荷.png */; };
		044AD48E2122B69200B6026E /* 布丁.acv in Resources */ = {isa = PBXBuildFile; fileRef = 044AD4532122B69000B6026E /* 布丁.acv */; };
		044AD48F2122B69200B6026E /* 薄荷.acv in Resources */ = {isa = PBXBuildFile; fileRef = 044AD4542122B69000B6026E /* 薄荷.acv */; };
		044AD4902122B69200B6026E /* 黄昏.png in Resources */ = {isa = PBXBuildFile; fileRef = 044AD4552122B69000B6026E /* 黄昏.png */; };
		044AD4912122B69200B6026E /* 午后.acv in Resources */ = {isa = PBXBuildFile; fileRef = 044AD4562122B69000B6026E /* 午后.acv */; };
		044AD4922122B69200B6026E /* 冬青.png in Resources */ = {isa = PBXBuildFile; fileRef = 044AD4572122B69000B6026E /* 冬青.png */; };
		044AD4932122B69200B6026E /* 片场.png in Resources */ = {isa = PBXBuildFile; fileRef = 044AD4582122B69000B6026E /* 片场.png */; };
		044AD4942122B69200B6026E /* 夜店.png in Resources */ = {isa = PBXBuildFile; fileRef = 044AD4592122B69100B6026E /* 夜店.png */; };
		044AD4952122B69200B6026E /* 纯净.png in Resources */ = {isa = PBXBuildFile; fileRef = 044AD45A2122B69100B6026E /* 纯净.png */; };
		044AD4962122B69200B6026E /* 棉花糖.png in Resources */ = {isa = PBXBuildFile; fileRef = 044AD45B2122B69100B6026E /* 棉花糖.png */; };
		044AD4972122B69200B6026E /* 森林.png in Resources */ = {isa = PBXBuildFile; fileRef = 044AD45C2122B69100B6026E /* 森林.png */; };
		044AD4982122B69200B6026E /* 可爱.png in Resources */ = {isa = PBXBuildFile; fileRef = 044AD45D2122B69100B6026E /* 可爱.png */; };
		044AD4992122B69200B6026E /* 冰凉.png in Resources */ = {isa = PBXBuildFile; fileRef = 044AD45E2122B69100B6026E /* 冰凉.png */; };
		044AD49A2122B69200B6026E /* 可爱.acv in Resources */ = {isa = PBXBuildFile; fileRef = 044AD45F2122B69100B6026E /* 可爱.acv */; };
		044AD49B2122B69200B6026E /* 暖阳.acv in Resources */ = {isa = PBXBuildFile; fileRef = 044AD4602122B69100B6026E /* 暖阳.acv */; };
		044AD49C2122B69200B6026E /* 森林.acv in Resources */ = {isa = PBXBuildFile; fileRef = 044AD4612122B69100B6026E /* 森林.acv */; };
		044AD49D2122B69200B6026E /* 暖阳.png in Resources */ = {isa = PBXBuildFile; fileRef = 044AD4622122B69100B6026E /* 暖阳.png */; };
		044AD49E2122B69200B6026E /* 童话.png in Resources */ = {isa = PBXBuildFile; fileRef = 044AD4632122B69100B6026E /* 童话.png */; };
		044AD49F2122B69200B6026E /* 加州.acv in Resources */ = {isa = PBXBuildFile; fileRef = 044AD4642122B69100B6026E /* 加州.acv */; };
		044AD4A02122B69200B6026E /* 初夏.acv in Resources */ = {isa = PBXBuildFile; fileRef = 044AD4652122B69200B6026E /* 初夏.acv */; };
		044AD4A12122B69200B6026E /* 碧海.png in Resources */ = {isa = PBXBuildFile; fileRef = 044AD4662122B69200B6026E /* 碧海.png */; };
		044AD4A22122B69200B6026E /* 清新.png in Resources */ = {isa = PBXBuildFile; fileRef = 044AD4672122B69200B6026E /* 清新.png */; };
		044AD4A32122B69200B6026E /* 曲奇.png in Resources */ = {isa = PBXBuildFile; fileRef = 044AD4682122B69200B6026E /* 曲奇.png */; };
		044D42392109B55000A339EC /* BeautyFilter.fsh in Resources */ = {isa = PBXBuildFile; fileRef = 044D42372109B55000A339EC /* BeautyFilter.fsh */; };
		0482F6F620E4F2CA00DB4D19 /* ImageIO.framework in Frameworks */ = {isa = PBXBuildFile; fileRef = 0482F6F520E4F2CA00DB4D19 /* ImageIO.framework */; };
		0482F6F820E4F73F00DB4D19 /* videoinfo0.mp4 in Resources */ = {isa = PBXBuildFile; fileRef = 0482F6F720E4F73F00DB4D19 /* videoinfo0.mp4 */; };
		0482F7C320E52F1800DB4D19 /* NVVideo.m in Sources */ = {isa = PBXBuildFile; fileRef = 0482F78F20E52F1700DB4D19 /* NVVideo.m */; };
		0482F7C420E52F1800DB4D19 /* NVRenderObject.m in Sources */ = {isa = PBXBuildFile; fileRef = 0482F79220E52F1700DB4D19 /* NVRenderObject.m */; };
		0482F7C520E52F1800DB4D19 /* NVRecord.m in Sources */ = {isa = PBXBuildFile; fileRef = 0482F79320E52F1700DB4D19 /* NVRecord.m */; };
		0482F7C620E52F1800DB4D19 /* VIMVideoPlayer.m in Sources */ = {isa = PBXBuildFile; fileRef = 0482F79720E52F1700DB4D19 /* VIMVideoPlayer.m */; };
		0482F7C720E52F1800DB4D19 /* VIMVideoPlayerView.m in Sources */ = {isa = PBXBuildFile; fileRef = 0482F79820E52F1700DB4D19 /* VIMVideoPlayerView.m */; };
		0482F7C820E52F1800DB4D19 /* SZTTexture.m in Sources */ = {isa = PBXBuildFile; fileRef = 0482F79A20E52F1700DB4D19 /* SZTTexture.m */; };
		0482F7C920E52F1800DB4D19 /* NVViewController.m in Sources */ = {isa = PBXBuildFile; fileRef = 0482F79D20E52F1700DB4D19 /* NVViewController.m */; };
		0482F7CA20E52F1800DB4D19 /* NVProgram.m in Sources */ = {isa = PBXBuildFile; fileRef = 0482F79E20E52F1700DB4D19 /* NVProgram.m */; };
		0482F7CB20E52F1800DB4D19 /* SZTVideoTexture.m in Sources */ = {isa = PBXBuildFile; fileRef = 0482F7A120E52F1700DB4D19 /* SZTVideoTexture.m */; };
		0482F7CC20E52F1800DB4D19 /* GLUtils.m in Sources */ = {isa = PBXBuildFile; fileRef = 0482F7A320E52F1700DB4D19 /* GLUtils.m */; };
		0482F7CD20E52F1800DB4D19 /* SZTVideoData.m in Sources */ = {isa = PBXBuildFile; fileRef = 0482F7A420E52F1700DB4D19 /* SZTVideoData.m */; };
		0482F7CE20E52F1800DB4D19 /* NVPlane.m in Sources */ = {isa = PBXBuildFile; fileRef = 0482F7A820E52F1700DB4D19 /* NVPlane.m */; };
		0482F7CF20E52F1800DB4D19 /* NVFbo.m in Sources */ = {isa = PBXBuildFile; fileRef = 0482F7AA20E52F1700DB4D19 /* NVFbo.m */; };
		0482F7D020E52F1800DB4D19 /* NVDrawShape.m in Sources */ = {isa = PBXBuildFile; fileRef = 0482F7AB20E52F1700DB4D19 /* NVDrawShape.m */; };
		0482F7D120E52F1800DB4D19 /* Shader.fsh in Resources */ = {isa = PBXBuildFile; fileRef = 0482F7B120E52F1700DB4D19 /* Shader.fsh */; };
		0482F7D220E52F1800DB4D19 /* Shader.vsh in Resources */ = {isa = PBXBuildFile; fileRef = 0482F7BA20E52F1700DB4D19 /* Shader.vsh */; };
		0482F7D620E5C6EF00DB4D19 /* AR1.mp4 in Resources */ = {isa = PBXBuildFile; fileRef = 0482F7D520E5C6EF00DB4D19 /* AR1.mp4 */; };
		0482F7DE20E5E7D900DB4D19 /* DeviceManager.m in Sources */ = {isa = PBXBuildFile; fileRef = 0482F7DB20E5E7D900DB4D19 /* DeviceManager.m */; };
		0482F7DF20E5E7D900DB4D19 /* LocalCameraUtil.m in Sources */ = {isa = PBXBuildFile; fileRef = 0482F7DD20E5E7D900DB4D19 /* LocalCameraUtil.m */; };
		0482F7E220E5E8FF00DB4D19 /* NVCamera.m in Sources */ = {isa = PBXBuildFile; fileRef = 0482F7E120E5E8FF00DB4D19 /* NVCamera.m */; };
		0482F7E620E6381D00DB4D19 /* NVObject.m in Sources */ = {isa = PBXBuildFile; fileRef = 0482F7E520E6381D00DB4D19 /* NVObject.m */; };
		0482F7ED20E63B3000DB4D19 /* NVGLCamera.m in Sources */ = {isa = PBXBuildFile; fileRef = 0482F7EC20E63B3000DB4D19 /* NVGLCamera.m */; };
		04DB88DD2112F1F800852619 /* CIFilter+LUT.m in Sources */ = {isa = PBXBuildFile; fileRef = 04DB88DB2112F1F600852619 /* CIFilter+LUT.m */; };
		04DB88DF2112F25300852619 /* CoreImage.framework in Frameworks */ = {isa = PBXBuildFile; fileRef = 04DB88DE2112F25200852619 /* CoreImage.framework */; };
		04DB88E4211306A900852619 /* NVCIFilter.m in Sources */ = {isa = PBXBuildFile; fileRef = 04DB88E3211306A900852619 /* NVCIFilter.m */; };
		04DB88E62113670B00852619 /* Soul_Scale.fsh in Resources */ = {isa = PBXBuildFile; fileRef = 04DB88E52113670B00852619 /* Soul_Scale.fsh */; };
		3DDEFCA2159B640C00B4EC41 /* UIKit.framework in Frameworks */ = {isa = PBXBuildFile; fileRef = 3DDEFCA1159B640C00B4EC41 /* UIKit.framework */; };
		3DDEFCA4159B640C00B4EC41 /* Foundation.framework in Frameworks */ = {isa = PBXBuildFile; fileRef = 3DDEFCA3159B640C00B4EC41 /* Foundation.framework */; };
		3DDEFCA6159B640C00B4EC41 /* CoreGraphics.framework in Frameworks */ = {isa = PBXBuildFile; fileRef = 3DDEFCA5159B640C00B4EC41 /* CoreGraphics.framework */; };
		3DDEFCA8159B640C00B4EC41 /* GLKit.framework in Frameworks */ = {isa = PBXBuildFile; fileRef = 3DDEFCA7159B640C00B4EC41 /* GLKit.framework */; };
		3DDEFCAA159B640C00B4EC41 /* OpenGLES.framework in Frameworks */ = {isa = PBXBuildFile; fileRef = 3DDEFCA9159B640C00B4EC41 /* OpenGLES.framework */; };
		3DDEFCB0159B640C00B4EC41 /* InfoPlist.strings in Resources */ = {isa = PBXBuildFile; fileRef = 3DDEFCAE159B640C00B4EC41 /* InfoPlist.strings */; };
		3DDEFCB2159B640C00B4EC41 /* main.m in Sources */ = {isa = PBXBuildFile; fileRef = 3DDEFCB1159B640C00B4EC41 /* main.m */; };
		3DDEFCB6159B640C00B4EC41 /* AppDelegate.m in Sources */ = {isa = PBXBuildFile; fileRef = 3DDEFCB5159B640C00B4EC41 /* AppDelegate.m */; };
/* End PBXBuildFile section */

/* Begin PBXFileReference section */
		043C24562122D5D7003616DF /* ColumnsSliced.fsh */ = {isa = PBXFileReference; fileEncoding = 4; lastKnownFileType = sourcecode.glsl; path = ColumnsSliced.fsh; sourceTree = "<group>"; };
		043C24572122D5D8003616DF /* EdgeDiscard.fsh */ = {isa = PBXFileReference; fileEncoding = 4; lastKnownFileType = sourcecode.glsl; path = EdgeDiscard.fsh; sourceTree = "<group>"; };
		043D239221181F4200422204 /* Hallucination.fsh */ = {isa = PBXFileReference; fileEncoding = 4; lastKnownFileType = sourcecode.glsl; path = Hallucination.fsh; sourceTree = "<group>"; };
		043D23942118293C00422204 /* Multicoloured.fsh */ = {isa = PBXFileReference; fileEncoding = 4; lastKnownFileType = sourcecode.glsl; path = Multicoloured.fsh; sourceTree = "<group>"; };
		043D23962118452400422204 /* OldVideo.fsh */ = {isa = PBXFileReference; fileEncoding = 4; lastKnownFileType = sourcecode.glsl; path = OldVideo.fsh; sourceTree = "<group>"; };
		043D2398211855D100422204 /* X_invert.fsh */ = {isa = PBXFileReference; fileEncoding = 4; lastKnownFileType = sourcecode.glsl; path = X_invert.fsh; sourceTree = "<group>"; };
		043D239A2118631D00422204 /* EdgeShine.fsh */ = {isa = PBXFileReference; fileEncoding = 4; lastKnownFileType = sourcecode.glsl; path = EdgeShine.fsh; sourceTree = "<group>"; };
		0446CE80210ECD5C00D421A0 /* Stretch.fsh */ = {isa = PBXFileReference; fileEncoding = 4; lastKnownFileType = sourcecode.glsl; path = Stretch.fsh; sourceTree = "<group>"; };
		0446CE83210EF19400D421A0 /* Symmetry.fsh */ = {isa = PBXFileReference; fileEncoding = 4; lastKnownFileType = sourcecode.glsl; path = Symmetry.fsh; sourceTree = "<group>"; };
		0446CE85210F05E200D421A0 /* Bulge.fsh */ = {isa = PBXFileReference; fileEncoding = 4; lastKnownFileType = sourcecode.glsl; path = Bulge.fsh; sourceTree = "<group>"; };
		0446CE87210F16DD00D421A0 /* Fake3D.fsh */ = {isa = PBXFileReference; fileEncoding = 4; lastKnownFileType = sourcecode.glsl; path = Fake3D.fsh; sourceTree = "<group>"; };
		044726F620DE2DB400972FD5 /* CoreVideo.framework */ = {isa = PBXFileReference; lastKnownFileType = wrapper.framework; name = CoreVideo.framework; path = System/Library/Frameworks/CoreVideo.framework; sourceTree = SDKROOT; };
		044726F820DE341700972FD5 /* AVFoundation.framework */ = {isa = PBXFileReference; lastKnownFileType = wrapper.framework; name = AVFoundation.framework; path = System/Library/Frameworks/AVFoundation.framework; sourceTree = SDKROOT; };
		044726FA20DE341D00972FD5 /* AssetsLibrary.framework */ = {isa = PBXFileReference; lastKnownFileType = wrapper.framework; name = AssetsLibrary.framework; path = System/Library/Frameworks/AssetsLibrary.framework; sourceTree = SDKROOT; };
		044726FC20DE344900972FD5 /* CoreFoundation.framework */ = {isa = PBXFileReference; lastKnownFileType = wrapper.framework; name = CoreFoundation.framework; path = System/Library/Frameworks/CoreFoundation.framework; sourceTree = SDKROOT; };
		044726FE20DE348000972FD5 /* CoreMedia.framework */ = {isa = PBXFileReference; lastKnownFileType = wrapper.framework; name = CoreMedia.framework; path = System/Library/Frameworks/CoreMedia.framework; sourceTree = SDKROOT; };
		0447270320DE4E1B00972FD5 /* QuartzCore.framework */ = {isa = PBXFileReference; lastKnownFileType = wrapper.framework; name = QuartzCore.framework; path = System/Library/Frameworks/QuartzCore.framework; sourceTree = SDKROOT; };
		044790282125809800FF8A72 /* Snow.fsh */ = {isa = PBXFileReference; fileEncoding = 4; lastKnownFileType = sourcecode.glsl; path = Snow.fsh; sourceTree = "<group>"; };
		0447902C212D3FB500FF8A72 /* MainViewController.m */ = {isa = PBXFileReference; fileEncoding = 4; lastKnownFileType = sourcecode.c.objc; path = MainViewController.m; sourceTree = "<group>"; };
		0447902D212D3FB500FF8A72 /* MainViewController.h */ = {isa = PBXFileReference; fileEncoding = 4; lastKnownFileType = sourcecode.c.h; path = MainViewController.h; sourceTree = "<group>"; };
		04479036212E5CF900FF8A72 /* TableViewController.h */ = {isa = PBXFileReference; lastKnownFileType = sourcecode.c.h; path = TableViewController.h; sourceTree = "<group>"; };
		04479037212E5CF900FF8A72 /* TableViewController.m */ = {isa = PBXFileReference; lastKnownFileType = sourcecode.c.objc; path = TableViewController.m; sourceTree = "<group>"; };
		0447904F212E676F00FF8A72 /* empty_btn.png */ = {isa = PBXFileReference; lastKnownFileType = image.png; path = empty_btn.png; sourceTree = "<group>"; };
		04479050212E676F00FF8A72 /* test_9.png */ = {isa = PBXFileReference; lastKnownFileType = image.png; path = test_9.png; sourceTree = "<group>"; };
		04479051212E676F00FF8A72 /* test_8.png */ = {isa = PBXFileReference; lastKnownFileType = image.png; path = test_8.png; sourceTree = "<group>"; };
		04479052212E676F00FF8A72 /* test_11.png */ = {isa = PBXFileReference; lastKnownFileType = image.png; path = test_11.png; sourceTree = "<group>"; };
		04479053212E676F00FF8A72 /* test_10.png */ = {isa = PBXFileReference; lastKnownFileType = image.png; path = test_10.png; sourceTree = "<group>"; };
		04479054212E676F00FF8A72 /* empty_btn_highlight.png */ = {isa = PBXFileReference; lastKnownFileType = image.png; path = empty_btn_highlight.png; sourceTree = "<group>"; };
		04479055212E676F00FF8A72 /* bg_main.jpg */ = {isa = PBXFileReference; lastKnownFileType = image.jpeg; path = bg_main.jpg; sourceTree = "<group>"; };
		04479056212E676F00FF8A72 /* test_3.png */ = {isa = PBXFileReference; lastKnownFileType = image.png; path = test_3.png; sourceTree = "<group>"; };
		04479057212E676F00FF8A72 /* test_2.png */ = {isa = PBXFileReference; lastKnownFileType = image.png; path = test_2.png; sourceTree = "<group>"; };
		04479058212E676F00FF8A72 /* test_0.png */ = {isa = PBXFileReference; lastKnownFileType = image.png; path = test_0.png; sourceTree = "<group>"; };
		04479059212E676F00FF8A72 /* center_btn.png */ = {isa = PBXFileReference; lastKnownFileType = image.png; path = center_btn.png; sourceTree = "<group>"; };
		0447905A212E676F00FF8A72 /* test_1.png */ = {isa = PBXFileReference; lastKnownFileType = image.png; path = test_1.png; sourceTree = "<group>"; };
		0447905B212E676F00FF8A72 /* test_5.png */ = {isa = PBXFileReference; lastKnownFileType = image.png; path = test_5.png; sourceTree = "<group>"; };
		0447905C212E676F00FF8A72 /* test_4.png */ = {isa = PBXFileReference; lastKnownFileType = image.png; path = test_4.png; sourceTree = "<group>"; };
		0447905D212E676F00FF8A72 /* test_6.png */ = {isa = PBXFileReference; lastKnownFileType = image.png; path = test_6.png; sourceTree = "<group>"; };
		0447905E212E676F00FF8A72 /* test_7.png */ = {isa = PBXFileReference; lastKnownFileType = image.png; path = test_7.png; sourceTree = "<group>"; };
		0447906F212E6FEE00FF8A72 /* CollectionViewCell.h */ = {isa = PBXFileReference; lastKnownFileType = sourcecode.c.h; path = CollectionViewCell.h; sourceTree = "<group>"; };
		04479070212E6FEE00FF8A72 /* CollectionViewCell.m */ = {isa = PBXFileReference; lastKnownFileType = sourcecode.c.objc; path = CollectionViewCell.m; sourceTree = "<group>"; };
		044AD3AF21228E6900B6026E /* ToneCurve.fsh */ = {isa = PBXFileReference; fileEncoding = 4; lastKnownFileType = sourcecode.glsl; path = ToneCurve.fsh; sourceTree = "<group>"; };
		044AD3B12122935B00B6026E /* NVToneCurveTexture.h */ = {isa = PBXFileReference; lastKnownFileType = sourcecode.c.h; path = NVToneCurveTexture.h; sourceTree = "<group>"; };
		044AD3B22122935B00B6026E /* NVToneCurveTexture.m */ = {isa = PBXFileReference; lastKnownFileType = sourcecode.c.objc; path = NVToneCurveTexture.m; sourceTree = "<group>"; };
		044AD3B4212293F900B6026E /* NVACVFile.h */ = {isa = PBXFileReference; lastKnownFileType = sourcecode.c.h; path = NVACVFile.h; sourceTree = "<group>"; };
		044AD3B5212293F900B6026E /* NVACVFile.m */ = {isa = PBXFileReference; lastKnownFileType = sourcecode.c.objc; path = NVACVFile.m; sourceTree = "<group>"; };
		044AD42E2122B68D00B6026E /* 草木绿.acv */ = {isa = PBXFileReference; lastKnownFileType = file; path = "草木绿.acv"; sourceTree = "<group>"; };
		044AD42F2122B68D00B6026E /* 周末.png */ = {isa = PBXFileReference; lastKnownFileType = image.png; path = "周末.png"; sourceTree = "<group>"; };
		044AD4302122B68D00B6026E /* 纯净.acv */ = {isa = PBXFileReference; lastKnownFileType = file; path = "纯净.acv"; sourceTree = "<group>"; };
		044AD4312122B68D00B6026E /* 童话.acv */ = {isa = PBXFileReference; lastKnownFileType = file; path = "童话.acv"; sourceTree = "<group>"; };
		044AD4322122B68D00B6026E /* 奶茶.acv */ = {isa = PBXFileReference; lastKnownFileType = file; path = "奶茶.acv"; sourceTree = "<group>"; };
		044AD4332122B68D00B6026E /* 冰凉.acv */ = {isa = PBXFileReference; lastKnownFileType = file; path = "冰凉.acv"; sourceTree = "<group>"; };
		044AD4342122B68D00B6026E /* 奶茶.png */ = {isa = PBXFileReference; lastKnownFileType = image.png; path = "奶茶.png"; sourceTree = "<group>"; };
		044AD4352122B68E00B6026E /* 晚秋.acv */ = {isa = PBXFileReference; lastKnownFileType = file; path = "晚秋.acv"; sourceTree = "<group>"; };
		044AD4362122B68E00B6026E /* 初夏.png */ = {isa = PBXFileReference; lastKnownFileType = image.png; path = "初夏.png"; sourceTree = "<group>"; };
		044AD4372122B68E00B6026E /* 清新.acv */ = {isa = PBXFileReference; lastKnownFileType = file; path = "清新.acv"; sourceTree = "<group>"; };
		044AD4382122B68E00B6026E /* 正常.acv */ = {isa = PBXFileReference; lastKnownFileType = file; path = "正常.acv"; sourceTree = "<group>"; };
		044AD4392122B68E00B6026E /* 晚秋.png */ = {isa = PBXFileReference; lastKnownFileType = image.png; path = "晚秋.png"; sourceTree = "<group>"; };
		044AD43A2122B68E00B6026E /* 印象.acv */ = {isa = PBXFileReference; lastKnownFileType = file; path = "印象.acv"; sourceTree = "<group>"; };
		044AD43B2122B68E00B6026E /* 暖暖.acv */ = {isa = PBXFileReference; lastKnownFileType = file; path = "暖暖.acv"; sourceTree = "<group>"; };
		044AD43C2122B68E00B6026E /* 印象.png */ = {isa = PBXFileReference; lastKnownFileType = image.png; path = "印象.png"; sourceTree = "<group>"; };
		044AD43D2122B68E00B6026E /* 碧海.acv */ = {isa = PBXFileReference; lastKnownFileType = file; path = "碧海.acv"; sourceTree = "<group>"; };
		044AD43E2122B68E00B6026E /* 正常.png */ = {isa = PBXFileReference; lastKnownFileType = image.png; path = "正常.png"; sourceTree = "<group>"; };
		044AD43F2122B68E00B6026E /* 回忆.png */ = {isa = PBXFileReference; lastKnownFileType = image.png; path = "回忆.png"; sourceTree = "<group>"; };
		044AD4402122B68E00B6026E /* 天真.acv */ = {isa = PBXFileReference; lastKnownFileType = file; path = "天真.acv"; sourceTree = "<group>"; };
		044AD4412122B68E00B6026E /* 暖暖.png */ = {isa = PBXFileReference; lastKnownFileType = image.png; path = "暖暖.png"; sourceTree = "<group>"; };
		044AD4422122B68E00B6026E /* 布丁.png */ = {isa = PBXFileReference; lastKnownFileType = image.png; path = "布丁.png"; sourceTree = "<group>"; };
		044AD4432122B68F00B6026E /* 柏林.png */ = {isa = PBXFileReference; lastKnownFileType = image.png; path = "柏林.png"; sourceTree = "<group>"; };
		044AD4442122B68F00B6026E /* 周末.acv */ = {isa = PBXFileReference; lastKnownFileType = file; path = "周末.acv"; sourceTree = "<group>"; };
		044AD4452122B68F00B6026E /* 回忆.acv */ = {isa = PBXFileReference; lastKnownFileType = file; path = "回忆.acv"; sourceTree = "<group>"; };
		044AD4462122B68F00B6026E /* 午后.png */ = {isa = PBXFileReference; lastKnownFileType = image.png; path = "午后.png"; sourceTree = "<group>"; };
		044AD4472122B68F00B6026E /* 冬青.acv */ = {isa = PBXFileReference; lastKnownFileType = file; path = "冬青.acv"; sourceTree = "<group>"; };
		044AD4482122B68F00B6026E /* 黄昏.acv */ = {isa = PBXFileReference; lastKnownFileType = file; path = "黄昏.acv"; sourceTree = "<group>"; };
		044AD4492122B68F00B6026E /* 加州.png */ = {isa = PBXFileReference; lastKnownFileType = image.png; path = "加州.png"; sourceTree = "<group>"; };
		044AD44A2122B68F00B6026E /* 片场.acv */ = {isa = PBXFileReference; lastKnownFileType = file; path = "片场.acv"; sourceTree = "<group>"; };
		044AD44C2122B68F00B6026E /* 草木绿.png */ = {isa = PBXFileReference; lastKnownFileType = image.png; path = "草木绿.png"; sourceTree = "<group>"; };
		044AD44D2122B69000B6026E /* 棉花糖.acv */ = {isa = PBXFileReference; lastKnownFileType = file; path = "棉花糖.acv"; sourceTree = "<group>"; };
		044AD44E2122B69000B6026E /* 柏林.acv */ = {isa = PBXFileReference; lastKnownFileType = file; path = "柏林.acv"; sourceTree = "<group>"; };
		044AD44F2122B69000B6026E /* 夜店.acv */ = {isa = PBXFileReference; lastKnownFileType = file; path = "夜店.acv"; sourceTree = "<group>"; };
		044AD4502122B69000B6026E /* 曲奇.acv */ = {isa = PBXFileReference; lastKnownFileType = file; path = "曲奇.acv"; sourceTree = "<group>"; };
		044AD4512122B69000B6026E /* 天真.png */ = {isa = PBXFileReference; lastKnownFileType = image.png; path = "天真.png"; sourceTree = "<group>"; };
		044AD4522122B69000B6026E /* 薄荷.png */ = {isa = PBXFileReference; lastKnownFileType = image.png; path = "薄荷.png"; sourceTree = "<group>"; };
		044AD4532122B69000B6026E /* 布丁.acv */ = {isa = PBXFileReference; lastKnownFileType = file; path = "布丁.acv"; sourceTree = "<group>"; };
		044AD4542122B69000B6026E /* 薄荷.acv */ = {isa = PBXFileReference; lastKnownFileType = file; path = "薄荷.acv"; sourceTree = "<group>"; };
		044AD4552122B69000B6026E /* 黄昏.png */ = {isa = PBXFileReference; lastKnownFileType = image.png; path = "黄昏.png"; sourceTree = "<group>"; };
		044AD4562122B69000B6026E /* 午后.acv */ = {isa = PBXFileReference; lastKnownFileType = file; path = "午后.acv"; sourceTree = "<group>"; };
		044AD4572122B69000B6026E /* 冬青.png */ = {isa = PBXFileReference; lastKnownFileType = image.png; path = "冬青.png"; sourceTree = "<group>"; };
		044AD4582122B69000B6026E /* 片场.png */ = {isa = PBXFileReference; lastKnownFileType = image.png; path = "片场.png"; sourceTree = "<group>"; };
		044AD4592122B69100B6026E /* 夜店.png */ = {isa = PBXFileReference; lastKnownFileType = image.png; path = "夜店.png"; sourceTree = "<group>"; };
		044AD45A2122B69100B6026E /* 纯净.png */ = {isa = PBXFileReference; lastKnownFileType = image.png; path = "纯净.png"; sourceTree = "<group>"; };
		044AD45B2122B69100B6026E /* 棉花糖.png */ = {isa = PBXFileReference; lastKnownFileType = image.png; path = "棉花糖.png"; sourceTree = "<group>"; };
		044AD45C2122B69100B6026E /* 森林.png */ = {isa = PBXFileReference; lastKnownFileType = image.png; path = "森林.png"; sourceTree = "<group>"; };
		044AD45D2122B69100B6026E /* 可爱.png */ = {isa = PBXFileReference; lastKnownFileType = image.png; path = "可爱.png"; sourceTree = "<group>"; };
		044AD45E2122B69100B6026E /* 冰凉.png */ = {isa = PBXFileReference; lastKnownFileType = image.png; path = "冰凉.png"; sourceTree = "<group>"; };
		044AD45F2122B69100B6026E /* 可爱.acv */ = {isa = PBXFileReference; lastKnownFileType = file; path = "可爱.acv"; sourceTree = "<group>"; };
		044AD4602122B69100B6026E /* 暖阳.acv */ = {isa = PBXFileReference; lastKnownFileType = file; path = "暖阳.acv"; sourceTree = "<group>"; };
		044AD4612122B69100B6026E /* 森林.acv */ = {isa = PBXFileReference; lastKnownFileType = file; path = "森林.acv"; sourceTree = "<group>"; };
		044AD4622122B69100B6026E /* 暖阳.png */ = {isa = PBXFileReference; lastKnownFileType = image.png; path = "暖阳.png"; sourceTree = "<group>"; };
		044AD4632122B69100B6026E /* 童话.png */ = {isa = PBXFileReference; lastKnownFileType = image.png; path = "童话.png"; sourceTree = "<group>"; };
		044AD4642122B69100B6026E /* 加州.acv */ = {isa = PBXFileReference; lastKnownFileType = file; path = "加州.acv"; sourceTree = "<group>"; };
		044AD4652122B69200B6026E /* 初夏.acv */ = {isa = PBXFileReference; lastKnownFileType = file; path = "初夏.acv"; sourceTree = "<group>"; };
		044AD4662122B69200B6026E /* 碧海.png */ = {isa = PBXFileReference; lastKnownFileType = image.png; path = "碧海.png"; sourceTree = "<group>"; };
		044AD4672122B69200B6026E /* 清新.png */ = {isa = PBXFileReference; lastKnownFileType = image.png; path = "清新.png"; sourceTree = "<group>"; };
		044AD4682122B69200B6026E /* 曲奇.png */ = {isa = PBXFileReference; lastKnownFileType = image.png; path = "曲奇.png"; sourceTree = "<group>"; };
		044D42372109B55000A339EC /* BeautyFilter.fsh */ = {isa = PBXFileReference; fileEncoding = 4; lastKnownFileType = sourcecode.glsl; path = BeautyFilter.fsh; sourceTree = "<group>"; };
		0482F6F520E4F2CA00DB4D19 /* ImageIO.framework */ = {isa = PBXFileReference; lastKnownFileType = wrapper.framework; name = ImageIO.framework; path = System/Library/Frameworks/ImageIO.framework; sourceTree = SDKROOT; };
		0482F6F720E4F73F00DB4D19 /* videoinfo0.mp4 */ = {isa = PBXFileReference; lastKnownFileType = file; path = videoinfo0.mp4; sourceTree = "<group>"; };
		0482F78F20E52F1700DB4D19 /* NVVideo.m */ = {isa = PBXFileReference; fileEncoding = 4; lastKnownFileType = sourcecode.c.objc; path = NVVideo.m; sourceTree = "<group>"; };
		0482F79020E52F1700DB4D19 /* NVRenderObject.h */ = {isa = PBXFileReference; fileEncoding = 4; lastKnownFileType = sourcecode.c.h; path = NVRenderObject.h; sourceTree = "<group>"; };
		0482F79120E52F1700DB4D19 /* NVVideo.h */ = {isa = PBXFileReference; fileEncoding = 4; lastKnownFileType = sourcecode.c.h; path = NVVideo.h; sourceTree = "<group>"; };
		0482F79220E52F1700DB4D19 /* NVRenderObject.m */ = {isa = PBXFileReference; fileEncoding = 4; lastKnownFileType = sourcecode.c.objc; path = NVRenderObject.m; sourceTree = "<group>"; };
		0482F79320E52F1700DB4D19 /* NVRecord.m */ = {isa = PBXFileReference; fileEncoding = 4; lastKnownFileType = sourcecode.c.objc; path = NVRecord.m; sourceTree = "<group>"; };
		0482F79520E52F1700DB4D19 /* VIMVideoPlayer.h */ = {isa = PBXFileReference; fileEncoding = 4; lastKnownFileType = sourcecode.c.h; path = VIMVideoPlayer.h; sourceTree = "<group>"; };
		0482F79620E52F1700DB4D19 /* VIMVideoPlayerView.h */ = {isa = PBXFileReference; fileEncoding = 4; lastKnownFileType = sourcecode.c.h; path = VIMVideoPlayerView.h; sourceTree = "<group>"; };
		0482F79720E52F1700DB4D19 /* VIMVideoPlayer.m */ = {isa = PBXFileReference; fileEncoding = 4; lastKnownFileType = sourcecode.c.objc; path = VIMVideoPlayer.m; sourceTree = "<group>"; };
		0482F79820E52F1700DB4D19 /* VIMVideoPlayerView.m */ = {isa = PBXFileReference; fileEncoding = 4; lastKnownFileType = sourcecode.c.objc; path = VIMVideoPlayerView.m; sourceTree = "<group>"; };
		0482F79A20E52F1700DB4D19 /* SZTTexture.m */ = {isa = PBXFileReference; fileEncoding = 4; lastKnownFileType = sourcecode.c.objc; path = SZTTexture.m; sourceTree = "<group>"; };
		0482F79B20E52F1700DB4D19 /* SZTVideoData.h */ = {isa = PBXFileReference; fileEncoding = 4; lastKnownFileType = sourcecode.c.h; path = SZTVideoData.h; sourceTree = "<group>"; };
		0482F79C20E52F1700DB4D19 /* GLUtils.h */ = {isa = PBXFileReference; fileEncoding = 4; lastKnownFileType = sourcecode.c.h; path = GLUtils.h; sourceTree = "<group>"; };
		0482F79D20E52F1700DB4D19 /* NVViewController.m */ = {isa = PBXFileReference; fileEncoding = 4; lastKnownFileType = sourcecode.c.objc; path = NVViewController.m; sourceTree = "<group>"; };
		0482F79E20E52F1700DB4D19 /* NVProgram.m */ = {isa = PBXFileReference; fileEncoding = 4; lastKnownFileType = sourcecode.c.objc; path = NVProgram.m; sourceTree = "<group>"; };
		0482F79F20E52F1700DB4D19 /* NVDrawShape.h */ = {isa = PBXFileReference; fileEncoding = 4; lastKnownFileType = sourcecode.c.h; path = NVDrawShape.h; sourceTree = "<group>"; };
		0482F7A020E52F1700DB4D19 /* NVFbo.h */ = {isa = PBXFileReference; fileEncoding = 4; lastKnownFileType = sourcecode.c.h; path = NVFbo.h; sourceTree = "<group>"; };
		0482F7A120E52F1700DB4D19 /* SZTVideoTexture.m */ = {isa = PBXFileReference; fileEncoding = 4; lastKnownFileType = sourcecode.c.objc; path = SZTVideoTexture.m; sourceTree = "<group>"; };
		0482F7A220E52F1700DB4D19 /* NVPlane.h */ = {isa = PBXFileReference; fileEncoding = 4; lastKnownFileType = sourcecode.c.h; path = NVPlane.h; sourceTree = "<group>"; };
		0482F7A320E52F1700DB4D19 /* GLUtils.m */ = {isa = PBXFileReference; fileEncoding = 4; lastKnownFileType = sourcecode.c.objc; path = GLUtils.m; sourceTree = "<group>"; };
		0482F7A420E52F1700DB4D19 /* SZTVideoData.m */ = {isa = PBXFileReference; fileEncoding = 4; lastKnownFileType = sourcecode.c.objc; path = SZTVideoData.m; sourceTree = "<group>"; };
		0482F7A520E52F1700DB4D19 /* SZTTexture.h */ = {isa = PBXFileReference; fileEncoding = 4; lastKnownFileType = sourcecode.c.h; path = SZTTexture.h; sourceTree = "<group>"; };
		0482F7A620E52F1700DB4D19 /* NVProgram.h */ = {isa = PBXFileReference; fileEncoding = 4; lastKnownFileType = sourcecode.c.h; path = NVProgram.h; sourceTree = "<group>"; };
		0482F7A720E52F1700DB4D19 /* NVViewController.h */ = {isa = PBXFileReference; fileEncoding = 4; lastKnownFileType = sourcecode.c.h; path = NVViewController.h; sourceTree = "<group>"; };
		0482F7A820E52F1700DB4D19 /* NVPlane.m */ = {isa = PBXFileReference; fileEncoding = 4; lastKnownFileType = sourcecode.c.objc; path = NVPlane.m; sourceTree = "<group>"; };
		0482F7A920E52F1700DB4D19 /* SZTVideoTexture.h */ = {isa = PBXFileReference; fileEncoding = 4; lastKnownFileType = sourcecode.c.h; path = SZTVideoTexture.h; sourceTree = "<group>"; };
		0482F7AA20E52F1700DB4D19 /* NVFbo.m */ = {isa = PBXFileReference; fileEncoding = 4; lastKnownFileType = sourcecode.c.objc; path = NVFbo.m; sourceTree = "<group>"; };
		0482F7AB20E52F1700DB4D19 /* NVDrawShape.m */ = {isa = PBXFileReference; fileEncoding = 4; lastKnownFileType = sourcecode.c.objc; path = NVDrawShape.m; sourceTree = "<group>"; };
		0482F7AC20E52F1700DB4D19 /* NVRecord.h */ = {isa = PBXFileReference; fileEncoding = 4; lastKnownFileType = sourcecode.c.h; path = NVRecord.h; sourceTree = "<group>"; };
		0482F7AE20E52F1700DB4D19 /* Shader_Crosshatch.h */ = {isa = PBXFileReference; fileEncoding = 4; lastKnownFileType = sourcecode.c.h; path = Shader_Crosshatch.h; sourceTree = "<group>"; };
		0482F7AF20E52F1700DB4D19 /* Shader_Pixelate.h */ = {isa = PBXFileReference; fileEncoding = 4; lastKnownFileType = sourcecode.c.h; path = Shader_Pixelate.h; sourceTree = "<group>"; };
		0482F7B020E52F1700DB4D19 /* Shader.h */ = {isa = PBXFileReference; fileEncoding = 4; lastKnownFileType = sourcecode.c.h; path = Shader.h; sourceTree = "<group>"; };
		0482F7B120E52F1700DB4D19 /* Shader.fsh */ = {isa = PBXFileReference; fileEncoding = 4; lastKnownFileType = sourcecode.glsl; path = Shader.fsh; sourceTree = "<group>"; };
		0482F7B220E52F1700DB4D19 /* Shader_Hue.h */ = {isa = PBXFileReference; fileEncoding = 4; lastKnownFileType = sourcecode.c.h; path = Shader_Hue.h; sourceTree = "<group>"; };
		0482F7B320E52F1700DB4D19 /* Shader_YUV420.h */ = {isa = PBXFileReference; fileEncoding = 4; lastKnownFileType = sourcecode.c.h; path = Shader_YUV420.h; sourceTree = "<group>"; };
		0482F7B420E52F1700DB4D19 /* Shader_Blur.h */ = {isa = PBXFileReference; fileEncoding = 4; lastKnownFileType = sourcecode.c.h; path = Shader_Blur.h; sourceTree = "<group>"; };
		0482F7B520E52F1700DB4D19 /* Shader_PolkaDotFilter.h */ = {isa = PBXFileReference; fileEncoding = 4; lastKnownFileType = sourcecode.c.h; path = Shader_PolkaDotFilter.h; sourceTree = "<group>"; };
		0482F7B620E52F1700DB4D19 /* Shader_Discretize.h */ = {isa = PBXFileReference; fileEncoding = 4; lastKnownFileType = sourcecode.c.h; path = Shader_Discretize.h; sourceTree = "<group>"; };
		0482F7B720E52F1700DB4D19 /* Shader_Luminance.h */ = {isa = PBXFileReference; fileEncoding = 4; lastKnownFileType = sourcecode.c.h; path = Shader_Luminance.h; sourceTree = "<group>"; };
		0482F7B820E52F1700DB4D19 /* Shader_Normal.h */ = {isa = PBXFileReference; fileEncoding = 4; lastKnownFileType = sourcecode.c.h; path = Shader_Normal.h; sourceTree = "<group>"; };
		0482F7B920E52F1700DB4D19 /* Shader_YUV.h */ = {isa = PBXFileReference; fileEncoding = 4; lastKnownFileType = sourcecode.c.h; path = Shader_YUV.h; sourceTree = "<group>"; };
		0482F7BA20E52F1700DB4D19 /* Shader.vsh */ = {isa = PBXFileReference; fileEncoding = 4; lastKnownFileType = sourcecode.glsl; path = Shader.vsh; sourceTree = "<group>"; };
		0482F7BB20E52F1700DB4D19 /* Shader_Progress.h */ = {isa = PBXFileReference; fileEncoding = 4; lastKnownFileType = sourcecode.c.h; path = Shader_Progress.h; sourceTree = "<group>"; };
		0482F7BC20E52F1700DB4D19 /* Shader_FadeInOut.h */ = {isa = PBXFileReference; fileEncoding = 4; lastKnownFileType = sourcecode.c.h; path = Shader_FadeInOut.h; sourceTree = "<group>"; };
		0482F7BD20E52F1700DB4D19 /* Shader_Fbo.h */ = {isa = PBXFileReference; fileEncoding = 4; lastKnownFileType = sourcecode.c.h; path = Shader_Fbo.h; sourceTree = "<group>"; };
		0482F7BE20E52F1700DB4D19 /* Shader_Exposure.h */ = {isa = PBXFileReference; fileEncoding = 4; lastKnownFileType = sourcecode.c.h; path = Shader_Exposure.h; sourceTree = "<group>"; };
		0482F7BF20E52F1700DB4D19 /* Shader_Bilateral.h */ = {isa = PBXFileReference; fileEncoding = 4; lastKnownFileType = sourcecode.c.h; path = Shader_Bilateral.h; sourceTree = "<group>"; };
		0482F7C020E52F1700DB4D19 /* Shader_GlassSphere.h */ = {isa = PBXFileReference; fileEncoding = 4; lastKnownFileType = sourcecode.c.h; path = Shader_GlassSphere.h; sourceTree = "<group>"; };
		0482F7C120E52F1700DB4D19 /* Shader_Emitter.h */ = {isa = PBXFileReference; fileEncoding = 4; lastKnownFileType = sourcecode.c.h; path = Shader_Emitter.h; sourceTree = "<group>"; };
		0482F7C220E52F1700DB4D19 /* Shader_Gamma.h */ = {isa = PBXFileReference; fileEncoding = 4; lastKnownFileType = sourcecode.c.h; path = Shader_Gamma.h; sourceTree = "<group>"; };
		0482F7D520E5C6EF00DB4D19 /* AR1.mp4 */ = {isa = PBXFileReference; lastKnownFileType = file; path = AR1.mp4; sourceTree = "<group>"; };
		0482F7DA20E5E7D900DB4D19 /* LocalCameraUtil.h */ = {isa = PBXFileReference; fileEncoding = 4; lastKnownFileType = sourcecode.c.h; path = LocalCameraUtil.h; sourceTree = "<group>"; };
		0482F7DB20E5E7D900DB4D19 /* DeviceManager.m */ = {isa = PBXFileReference; fileEncoding = 4; lastKnownFileType = sourcecode.c.objc; path = DeviceManager.m; sourceTree = "<group>"; };
		0482F7DC20E5E7D900DB4D19 /* DeviceManager.h */ = {isa = PBXFileReference; fileEncoding = 4; lastKnownFileType = sourcecode.c.h; path = DeviceManager.h; sourceTree = "<group>"; };
		0482F7DD20E5E7D900DB4D19 /* LocalCameraUtil.m */ = {isa = PBXFileReference; fileEncoding = 4; lastKnownFileType = sourcecode.c.objc; path = LocalCameraUtil.m; sourceTree = "<group>"; };
		0482F7E020E5E8FF00DB4D19 /* NVCamera.h */ = {isa = PBXFileReference; lastKnownFileType = sourcecode.c.h; path = NVCamera.h; sourceTree = "<group>"; };
		0482F7E120E5E8FF00DB4D19 /* NVCamera.m */ = {isa = PBXFileReference; lastKnownFileType = sourcecode.c.objc; path = NVCamera.m; sourceTree = "<group>"; };
		0482F7E420E6381D00DB4D19 /* NVObject.h */ = {isa = PBXFileReference; lastKnownFileType = sourcecode.c.h; path = NVObject.h; sourceTree = "<group>"; };
		0482F7E520E6381D00DB4D19 /* NVObject.m */ = {isa = PBXFileReference; lastKnownFileType = sourcecode.c.objc; path = NVObject.m; sourceTree = "<group>"; };
		0482F7EB20E63B3000DB4D19 /* NVGLCamera.h */ = {isa = PBXFileReference; lastKnownFileType = sourcecode.c.h; path = NVGLCamera.h; sourceTree = "<group>"; };
		0482F7EC20E63B3000DB4D19 /* NVGLCamera.m */ = {isa = PBXFileReference; lastKnownFileType = sourcecode.c.objc; path = NVGLCamera.m; sourceTree = "<group>"; };
		0482F7EE20E63B4900DB4D19 /* Singleton.h */ = {isa = PBXFileReference; fileEncoding = 4; lastKnownFileType = sourcecode.c.h; path = Singleton.h; sourceTree = "<group>"; };
		0482F7F020E65D5F00DB4D19 /* NVVector.h */ = {isa = PBXFileReference; fileEncoding = 4; lastKnownFileType = sourcecode.c.h; path = NVVector.h; sourceTree = "<group>"; };
		04DB88DB2112F1F600852619 /* CIFilter+LUT.m */ = {isa = PBXFileReference; fileEncoding = 4; lastKnownFileType = sourcecode.c.objc; path = "CIFilter+LUT.m"; sourceTree = "<group>"; };
		04DB88DC2112F1F800852619 /* CIFilter+LUT.h */ = {isa = PBXFileReference; fileEncoding = 4; lastKnownFileType = sourcecode.c.h; path = "CIFilter+LUT.h"; sourceTree = "<group>"; };
		04DB88DE2112F25200852619 /* CoreImage.framework */ = {isa = PBXFileReference; lastKnownFileType = wrapper.framework; name = CoreImage.framework; path = System/Library/Frameworks/CoreImage.framework; sourceTree = SDKROOT; };
		04DB88E2211306A900852619 /* NVCIFilter.h */ = {isa = PBXFileReference; lastKnownFileType = sourcecode.c.h; path = NVCIFilter.h; sourceTree = "<group>"; };
		04DB88E3211306A900852619 /* NVCIFilter.m */ = {isa = PBXFileReference; lastKnownFileType = sourcecode.c.objc; path = NVCIFilter.m; sourceTree = "<group>"; };
		04DB88E52113670B00852619 /* Soul_Scale.fsh */ = {isa = PBXFileReference; fileEncoding = 4; lastKnownFileType = sourcecode.glsl; path = Soul_Scale.fsh; sourceTree = "<group>"; };
		3DDEFC9D159B640C00B4EC41 /* NVRecodeDemo.app */ = {isa = PBXFileReference; explicitFileType = wrapper.application; includeInIndex = 0; path = NVRecodeDemo.app; sourceTree = BUILT_PRODUCTS_DIR; };
		3DDEFCA1159B640C00B4EC41 /* UIKit.framework */ = {isa = PBXFileReference; lastKnownFileType = wrapper.framework; name = UIKit.framework; path = System/Library/Frameworks/UIKit.framework; sourceTree = SDKROOT; };
		3DDEFCA3159B640C00B4EC41 /* Foundation.framework */ = {isa = PBXFileReference; lastKnownFileType = wrapper.framework; name = Foundation.framework; path = System/Library/Frameworks/Foundation.framework; sourceTree = SDKROOT; };
		3DDEFCA5159B640C00B4EC41 /* CoreGraphics.framework */ = {isa = PBXFileReference; lastKnownFileType = wrapper.framework; name = CoreGraphics.framework; path = System/Library/Frameworks/CoreGraphics.framework; sourceTree = SDKROOT; };
		3DDEFCA7159B640C00B4EC41 /* GLKit.framework */ = {isa = PBXFileReference; lastKnownFileType = wrapper.framework; name = GLKit.framework; path = System/Library/Frameworks/GLKit.framework; sourceTree = SDKROOT; };
		3DDEFCA9159B640C00B4EC41 /* OpenGLES.framework */ = {isa = PBXFileReference; lastKnownFileType = wrapper.framework; name = OpenGLES.framework; path = System/Library/Frameworks/OpenGLES.framework; sourceTree = SDKROOT; };
		3DDEFCAD159B640C00B4EC41 /* NVRecodeDemo-Info.plist */ = {isa = PBXFileReference; lastKnownFileType = text.plist.xml; path = "NVRecodeDemo-Info.plist"; sourceTree = "<group>"; };
		3DDEFCAF159B640C00B4EC41 /* en */ = {isa = PBXFileReference; lastKnownFileType = text.plist.strings; name = en; path = en.lproj/InfoPlist.strings; sourceTree = "<group>"; };
		3DDEFCB1159B640C00B4EC41 /* main.m */ = {isa = PBXFileReference; lastKnownFileType = sourcecode.c.objc; path = main.m; sourceTree = "<group>"; };
		3DDEFCB3159B640C00B4EC41 /* NVRecodeDemo-Prefix.pch */ = {isa = PBXFileReference; lastKnownFileType = sourcecode.c.h; path = "NVRecodeDemo-Prefix.pch"; sourceTree = "<group>"; };
		3DDEFCB4159B640C00B4EC41 /* AppDelegate.h */ = {isa = PBXFileReference; lastKnownFileType = sourcecode.c.h; path = AppDelegate.h; sourceTree = "<group>"; };
		3DDEFCB5159B640C00B4EC41 /* AppDelegate.m */ = {isa = PBXFileReference; lastKnownFileType = sourcecode.c.objc; path = AppDelegate.m; sourceTree = "<group>"; };
/* End PBXFileReference section */

/* Begin PBXFrameworksBuildPhase section */
		3DDEFC9A159B640C00B4EC41 /* Frameworks */ = {
			isa = PBXFrameworksBuildPhase;
			buildActionMask = 2147483647;
			files = (
				04DB88DF2112F25300852619 /* CoreImage.framework in Frameworks */,
				0482F6F620E4F2CA00DB4D19 /* ImageIO.framework in Frameworks */,
				0447270420DE4E1B00972FD5 /* QuartzCore.framework in Frameworks */,
				044726FF20DE348000972FD5 /* CoreMedia.framework in Frameworks */,
				044726FD20DE344A00972FD5 /* CoreFoundation.framework in Frameworks */,
				044726FB20DE341D00972FD5 /* AssetsLibrary.framework in Frameworks */,
				044726F920DE341700972FD5 /* AVFoundation.framework in Frameworks */,
				044726F720DE2DB400972FD5 /* CoreVideo.framework in Frameworks */,
				3DDEFCA2159B640C00B4EC41 /* UIKit.framework in Frameworks */,
				3DDEFCA4159B640C00B4EC41 /* Foundation.framework in Frameworks */,
				3DDEFCA6159B640C00B4EC41 /* CoreGraphics.framework in Frameworks */,
				3DDEFCA8159B640C00B4EC41 /* GLKit.framework in Frameworks */,
				3DDEFCAA159B640C00B4EC41 /* OpenGLES.framework in Frameworks */,
			);
			runOnlyForDeploymentPostprocessing = 0;
		};
/* End PBXFrameworksBuildPhase section */

/* Begin PBXGroup section */
		0447902B212D3FB500FF8A72 /* Example */ = {
			isa = PBXGroup;
			children = (
				04479036212E5CF900FF8A72 /* TableViewController.h */,
				04479037212E5CF900FF8A72 /* TableViewController.m */,
				0447902D212D3FB500FF8A72 /* MainViewController.h */,
				0447902C212D3FB500FF8A72 /* MainViewController.m */,
				0447906F212E6FEE00FF8A72 /* CollectionViewCell.h */,
				04479070212E6FEE00FF8A72 /* CollectionViewCell.m */,
			);
			path = Example;
			sourceTree = "<group>";
		};
		0447904E212E676F00FF8A72 /* SourceImage */ = {
			isa = PBXGroup;
			children = (
				0447904F212E676F00FF8A72 /* empty_btn.png */,
				04479050212E676F00FF8A72 /* test_9.png */,
				04479051212E676F00FF8A72 /* test_8.png */,
				04479052212E676F00FF8A72 /* test_11.png */,
				04479053212E676F00FF8A72 /* test_10.png */,
				04479054212E676F00FF8A72 /* empty_btn_highlight.png */,
				04479055212E676F00FF8A72 /* bg_main.jpg */,
				04479056212E676F00FF8A72 /* test_3.png */,
				04479057212E676F00FF8A72 /* test_2.png */,
				04479058212E676F00FF8A72 /* test_0.png */,
				04479059212E676F00FF8A72 /* center_btn.png */,
				0447905A212E676F00FF8A72 /* test_1.png */,
				0447905B212E676F00FF8A72 /* test_5.png */,
				0447905C212E676F00FF8A72 /* test_4.png */,
				0447905D212E676F00FF8A72 /* test_6.png */,
				0447905E212E676F00FF8A72 /* test_7.png */,
			);
			path = SourceImage;
			sourceTree = "<group>";
		};
		044AD3B72122B66C00B6026E /* filter */ = {
			isa = PBXGroup;
			children = (
				044AD4432122B68F00B6026E /* 柏林.png */,
				044AD44E2122B69000B6026E /* 柏林.acv */,
				044AD4522122B69000B6026E /* 薄荷.png */,
				044AD4542122B69000B6026E /* 薄荷.acv */,
				044AD4662122B69200B6026E /* 碧海.png */,
				044AD43D2122B68E00B6026E /* 碧海.acv */,
				044AD45E2122B69100B6026E /* 冰凉.png */,
				044AD4332122B68D00B6026E /* 冰凉.acv */,
				044AD4422122B68E00B6026E /* 布丁.png */,
				044AD4532122B69000B6026E /* 布丁.acv */,
				044AD44C2122B68F00B6026E /* 草木绿.png */,
				044AD42E2122B68D00B6026E /* 草木绿.acv */,
				044AD4362122B68E00B6026E /* 初夏.png */,
				044AD4652122B69200B6026E /* 初夏.acv */,
				044AD45A2122B69100B6026E /* 纯净.png */,
				044AD4302122B68D00B6026E /* 纯净.acv */,
				044AD4572122B69000B6026E /* 冬青.png */,
				044AD4472122B68F00B6026E /* 冬青.acv */,
				044AD4552122B69000B6026E /* 黄昏.png */,
				044AD4482122B68F00B6026E /* 黄昏.acv */,
				044AD43F2122B68E00B6026E /* 回忆.png */,
				044AD4452122B68F00B6026E /* 回忆.acv */,
				044AD4492122B68F00B6026E /* 加州.png */,
				044AD4642122B69100B6026E /* 加州.acv */,
				044AD45D2122B69100B6026E /* 可爱.png */,
				044AD45F2122B69100B6026E /* 可爱.acv */,
				044AD45B2122B69100B6026E /* 棉花糖.png */,
				044AD44D2122B69000B6026E /* 棉花糖.acv */,
				044AD4342122B68D00B6026E /* 奶茶.png */,
				044AD4322122B68D00B6026E /* 奶茶.acv */,
				044AD4412122B68E00B6026E /* 暖暖.png */,
				044AD43B2122B68E00B6026E /* 暖暖.acv */,
				044AD4622122B69100B6026E /* 暖阳.png */,
				044AD4602122B69100B6026E /* 暖阳.acv */,
				044AD4582122B69000B6026E /* 片场.png */,
				044AD44A2122B68F00B6026E /* 片场.acv */,
				044AD4672122B69200B6026E /* 清新.png */,
				044AD4372122B68E00B6026E /* 清新.acv */,
				044AD4682122B69200B6026E /* 曲奇.png */,
				044AD4502122B69000B6026E /* 曲奇.acv */,
				044AD45C2122B69100B6026E /* 森林.png */,
				044AD4612122B69100B6026E /* 森林.acv */,
				044AD4512122B69000B6026E /* 天真.png */,
				044AD4402122B68E00B6026E /* 天真.acv */,
				044AD4632122B69100B6026E /* 童话.png */,
				044AD4312122B68D00B6026E /* 童话.acv */,
				044AD4392122B68E00B6026E /* 晚秋.png */,
				044AD4352122B68E00B6026E /* 晚秋.acv */,
				044AD4462122B68F00B6026E /* 午后.png */,
				044AD4562122B69000B6026E /* 午后.acv */,
				044AD4592122B69100B6026E /* 夜店.png */,
				044AD44F2122B69000B6026E /* 夜店.acv */,
				044AD43C2122B68E00B6026E /* 印象.png */,
				044AD43A2122B68E00B6026E /* 印象.acv */,
				044AD43E2122B68E00B6026E /* 正常.png */,
				044AD4382122B68E00B6026E /* 正常.acv */,
				044AD42F2122B68D00B6026E /* 周末.png */,
				044AD4442122B68F00B6026E /* 周末.acv */,
			);
			path = filter;
			sourceTree = "<group>";
		};
		0482F78D20E52F1700DB4D19 /* NVRender */ = {
			isa = PBXGroup;
			children = (
				0482F79420E52F1700DB4D19 /* VIMVideoPlayer */,
				0482F78E20E52F1700DB4D19 /* UI */,
				0482F7AC20E52F1700DB4D19 /* NVRecord.h */,
				0482F79320E52F1700DB4D19 /* NVRecord.m */,
				0482F79920E52F1700DB4D19 /* Render */,
				0482F7AD20E52F1700DB4D19 /* Shaders */,
			);
			path = NVRender;
			sourceTree = "<group>";
		};
		0482F78E20E52F1700DB4D19 /* UI */ = {
			isa = PBXGroup;
			children = (
				0482F79120E52F1700DB4D19 /* NVVideo.h */,
				0482F78F20E52F1700DB4D19 /* NVVideo.m */,
				0482F7E020E5E8FF00DB4D19 /* NVCamera.h */,
				0482F7E120E5E8FF00DB4D19 /* NVCamera.m */,
				0482F79020E52F1700DB4D19 /* NVRenderObject.h */,
				0482F79220E52F1700DB4D19 /* NVRenderObject.m */,
				0482F7E420E6381D00DB4D19 /* NVObject.h */,
				0482F7E520E6381D00DB4D19 /* NVObject.m */,
			);
			path = UI;
			sourceTree = "<group>";
		};
		0482F79420E52F1700DB4D19 /* VIMVideoPlayer */ = {
			isa = PBXGroup;
			children = (
				0482F79620E52F1700DB4D19 /* VIMVideoPlayerView.h */,
				0482F79820E52F1700DB4D19 /* VIMVideoPlayerView.m */,
				0482F79520E52F1700DB4D19 /* VIMVideoPlayer.h */,
				0482F79720E52F1700DB4D19 /* VIMVideoPlayer.m */,
			);
			path = VIMVideoPlayer;
			sourceTree = "<group>";
		};
		0482F79920E52F1700DB4D19 /* Render */ = {
			isa = PBXGroup;
			children = (
				0482F7F020E65D5F00DB4D19 /* NVVector.h */,
				0482F7A720E52F1700DB4D19 /* NVViewController.h */,
				0482F79D20E52F1700DB4D19 /* NVViewController.m */,
				0482F7EB20E63B3000DB4D19 /* NVGLCamera.h */,
				0482F7EC20E63B3000DB4D19 /* NVGLCamera.m */,
				0482F7A020E52F1700DB4D19 /* NVFbo.h */,
				0482F7AA20E52F1700DB4D19 /* NVFbo.m */,
				0482F79F20E52F1700DB4D19 /* NVDrawShape.h */,
				0482F7AB20E52F1700DB4D19 /* NVDrawShape.m */,
				0482F79C20E52F1700DB4D19 /* GLUtils.h */,
				0482F7A320E52F1700DB4D19 /* GLUtils.m */,
				0482F7A620E52F1700DB4D19 /* NVProgram.h */,
				0482F79E20E52F1700DB4D19 /* NVProgram.m */,
				0482F7A220E52F1700DB4D19 /* NVPlane.h */,
				0482F7A820E52F1700DB4D19 /* NVPlane.m */,
				0482F7A520E52F1700DB4D19 /* SZTTexture.h */,
				0482F79A20E52F1700DB4D19 /* SZTTexture.m */,
				044AD3B12122935B00B6026E /* NVToneCurveTexture.h */,
				044AD3B22122935B00B6026E /* NVToneCurveTexture.m */,
				0482F7A920E52F1700DB4D19 /* SZTVideoTexture.h */,
				0482F7A120E52F1700DB4D19 /* SZTVideoTexture.m */,
				0482F79B20E52F1700DB4D19 /* SZTVideoData.h */,
				0482F7A420E52F1700DB4D19 /* SZTVideoData.m */,
				0482F7DC20E5E7D900DB4D19 /* DeviceManager.h */,
				0482F7DB20E5E7D900DB4D19 /* DeviceManager.m */,
				0482F7DA20E5E7D900DB4D19 /* LocalCameraUtil.h */,
				0482F7DD20E5E7D900DB4D19 /* LocalCameraUtil.m */,
				0482F7EE20E63B4900DB4D19 /* Singleton.h */,
				04DB88E2211306A900852619 /* NVCIFilter.h */,
				04DB88E3211306A900852619 /* NVCIFilter.m */,
				04DB88DC2112F1F800852619 /* CIFilter+LUT.h */,
				04DB88DB2112F1F600852619 /* CIFilter+LUT.m */,
				044AD3B4212293F900B6026E /* NVACVFile.h */,
				044AD3B5212293F900B6026E /* NVACVFile.m */,
			);
			path = Render;
			sourceTree = "<group>";
		};
		0482F7AD20E52F1700DB4D19 /* Shaders */ = {
			isa = PBXGroup;
			children = (
				044AD3B72122B66C00B6026E /* filter */,
				0482F7AE20E52F1700DB4D19 /* Shader_Crosshatch.h */,
				0482F7AF20E52F1700DB4D19 /* Shader_Pixelate.h */,
				0482F7B020E52F1700DB4D19 /* Shader.h */,
				0482F7BA20E52F1700DB4D19 /* Shader.vsh */,
				0482F7B120E52F1700DB4D19 /* Shader.fsh */,
				044D42372109B55000A339EC /* BeautyFilter.fsh */,
				0446CE80210ECD5C00D421A0 /* Stretch.fsh */,
				0446CE83210EF19400D421A0 /* Symmetry.fsh */,
				0446CE85210F05E200D421A0 /* Bulge.fsh */,
				0446CE87210F16DD00D421A0 /* Fake3D.fsh */,
				04DB88E52113670B00852619 /* Soul_Scale.fsh */,
				043D239221181F4200422204 /* Hallucination.fsh */,
				043D23942118293C00422204 /* Multicoloured.fsh */,
				043D23962118452400422204 /* OldVideo.fsh */,
				043D2398211855D100422204 /* X_invert.fsh */,
				043C24562122D5D7003616DF /* ColumnsSliced.fsh */,
				043C24572122D5D8003616DF /* EdgeDiscard.fsh */,
				043D239A2118631D00422204 /* EdgeShine.fsh */,
				044AD3AF21228E6900B6026E /* ToneCurve.fsh */,
				044790282125809800FF8A72 /* Snow.fsh */,
				0482F7B220E52F1700DB4D19 /* Shader_Hue.h */,
				0482F7B320E52F1700DB4D19 /* Shader_YUV420.h */,
				0482F7B420E52F1700DB4D19 /* Shader_Blur.h */,
				0482F7B520E52F1700DB4D19 /* Shader_PolkaDotFilter.h */,
				0482F7B620E52F1700DB4D19 /* Shader_Discretize.h */,
				0482F7B720E52F1700DB4D19 /* Shader_Luminance.h */,
				0482F7B820E52F1700DB4D19 /* Shader_Normal.h */,
				0482F7B920E52F1700DB4D19 /* Shader_YUV.h */,
				0482F7BB20E52F1700DB4D19 /* Shader_Progress.h */,
				0482F7BC20E52F1700DB4D19 /* Shader_FadeInOut.h */,
				0482F7BD20E52F1700DB4D19 /* Shader_Fbo.h */,
				0482F7BE20E52F1700DB4D19 /* Shader_Exposure.h */,
				0482F7BF20E52F1700DB4D19 /* Shader_Bilateral.h */,
				0482F7C020E52F1700DB4D19 /* Shader_GlassSphere.h */,
				0482F7C120E52F1700DB4D19 /* Shader_Emitter.h */,
				0482F7C220E52F1700DB4D19 /* Shader_Gamma.h */,
			);
			path = Shaders;
			sourceTree = "<group>";
		};
		3DDEFC92159B640C00B4EC41 = {
			isa = PBXGroup;
			children = (
				3DDEFCAB159B640C00B4EC41 /* NVRecodeDemo */,
				3DDEFCA0159B640C00B4EC41 /* Frameworks */,
				3DDEFC9E159B640C00B4EC41 /* Products */,
			);
			sourceTree = "<group>";
		};
		3DDEFC9E159B640C00B4EC41 /* Products */ = {
			isa = PBXGroup;
			children = (
				3DDEFC9D159B640C00B4EC41 /* NVRecodeDemo.app */,
			);
			name = Products;
			sourceTree = "<group>";
		};
		3DDEFCA0159B640C00B4EC41 /* Frameworks */ = {
			isa = PBXGroup;
			children = (
				04DB88DE2112F25200852619 /* CoreImage.framework */,
				0482F6F520E4F2CA00DB4D19 /* ImageIO.framework */,
				0447270320DE4E1B00972FD5 /* QuartzCore.framework */,
				044726FE20DE348000972FD5 /* CoreMedia.framework */,
				044726FC20DE344900972FD5 /* CoreFoundation.framework */,
				044726FA20DE341D00972FD5 /* AssetsLibrary.framework */,
				044726F820DE341700972FD5 /* AVFoundation.framework */,
				044726F620DE2DB400972FD5 /* CoreVideo.framework */,
				3DDEFCA1159B640C00B4EC41 /* UIKit.framework */,
				3DDEFCA3159B640C00B4EC41 /* Foundation.framework */,
				3DDEFCA5159B640C00B4EC41 /* CoreGraphics.framework */,
				3DDEFCA7159B640C00B4EC41 /* GLKit.framework */,
				3DDEFCA9159B640C00B4EC41 /* OpenGLES.framework */,
			);
			name = Frameworks;
			sourceTree = "<group>";
		};
		3DDEFCAB159B640C00B4EC41 /* NVRecodeDemo */ = {
			isa = PBXGroup;
			children = (
				0482F78D20E52F1700DB4D19 /* NVRender */,
				0447902B212D3FB500FF8A72 /* Example */,
				3DDEFCAC159B640C00B4EC41 /* Supporting Files */,
			);
			path = NVRecodeDemo;
			sourceTree = "<group>";
		};
		3DDEFCAC159B640C00B4EC41 /* Supporting Files */ = {
			isa = PBXGroup;
			children = (
				0447904E212E676F00FF8A72 /* SourceImage */,
				3DDEFCB4159B640C00B4EC41 /* AppDelegate.h */,
				3DDEFCB5159B640C00B4EC41 /* AppDelegate.m */,
				0482F7D520E5C6EF00DB4D19 /* AR1.mp4 */,
				0482F6F720E4F73F00DB4D19 /* videoinfo0.mp4 */,
				3DDEFCAD159B640C00B4EC41 /* NVRecodeDemo-Info.plist */,
				3DDEFCAE159B640C00B4EC41 /* InfoPlist.strings */,
				3DDEFCB1159B640C00B4EC41 /* main.m */,
				3DDEFCB3159B640C00B4EC41 /* NVRecodeDemo-Prefix.pch */,
			);
			name = "Supporting Files";
			sourceTree = "<group>";
		};
/* End PBXGroup section */

/* Begin PBXNativeTarget section */
		3DDEFC9C159B640C00B4EC41 /* NVRecodeDemo */ = {
			isa = PBXNativeTarget;
			buildConfigurationList = 3DDEFCC3159B640C00B4EC41 /* Build configuration list for PBXNativeTarget "NVRecodeDemo" */;
			buildPhases = (
				3DDEFC99159B640C00B4EC41 /* Sources */,
				3DDEFC9A159B640C00B4EC41 /* Frameworks */,
				3DDEFC9B159B640C00B4EC41 /* Resources */,
			);
			buildRules = (
			);
			dependencies = (
			);
			name = NVRecodeDemo;
			productName = simpleFBO;
			productReference = 3DDEFC9D159B640C00B4EC41 /* NVRecodeDemo.app */;
			productType = "com.apple.product-type.application";
		};
/* End PBXNativeTarget section */

/* Begin PBXProject section */
		3DDEFC94159B640C00B4EC41 /* Project object */ = {
			isa = PBXProject;
			attributes = {
				LastUpgradeCheck = 0430;
				TargetAttributes = {
					3DDEFC9C159B640C00B4EC41 = {
						DevelopmentTeam = 6J62AU9PV3;
					};
				};
			};
			buildConfigurationList = 3DDEFC97159B640C00B4EC41 /* Build configuration list for PBXProject "NVRecodeDemo" */;
			compatibilityVersion = "Xcode 3.2";
			developmentRegion = English;
			hasScannedForEncodings = 0;
			knownRegions = (
				en,
			);
			mainGroup = 3DDEFC92159B640C00B4EC41;
			productRefGroup = 3DDEFC9E159B640C00B4EC41 /* Products */;
			projectDirPath = "";
			projectRoot = "";
			targets = (
				3DDEFC9C159B640C00B4EC41 /* NVRecodeDemo */,
			);
		};
/* End PBXProject section */

/* Begin PBXResourcesBuildPhase section */
		3DDEFC9B159B640C00B4EC41 /* Resources */ = {
			isa = PBXResourcesBuildPhase;
			buildActionMask = 2147483647;
			files = (
				044AD46A2122B69200B6026E /* 周末.png in Resources */,
				044AD46E2122B69200B6026E /* 冰凉.acv in Resources */,
				04479061212E676F00FF8A72 /* test_8.png in Resources */,
				044AD4822122B69200B6026E /* 冬青.acv in Resources */,
				0482F7D120E52F1800DB4D19 /* Shader.fsh in Resources */,
				04479069212E676F00FF8A72 /* center_btn.png in Resources */,
				044AD4A02122B69200B6026E /* 初夏.acv in Resources */,
				044AD4872122B69200B6026E /* 草木绿.png in Resources */,
				0446CE81210ECD5C00D421A0 /* Stretch.fsh in Resources */,
				044AD4A12122B69200B6026E /* 碧海.png in Resources */,
				044AD46F2122B69200B6026E /* 奶茶.png in Resources */,
				0482F6F820E4F73F00DB4D19 /* videoinfo0.mp4 in Resources */,
				043D2399211855D200422204 /* X_invert.fsh in Resources */,
				044AD47E2122B69200B6026E /* 柏林.png in Resources */,
				044AD4992122B69200B6026E /* 冰凉.png in Resources */,
				044AD4892122B69200B6026E /* 柏林.acv in Resources */,
				044790292125809800FF8A72 /* Snow.fsh in Resources */,
				0446CE88210F16DD00D421A0 /* Fake3D.fsh in Resources */,
				044AD48E2122B69200B6026E /* 布丁.acv in Resources */,
				044AD48F2122B69200B6026E /* 薄荷.acv in Resources */,
				0447905F212E676F00FF8A72 /* empty_btn.png in Resources */,
				044AD4942122B69200B6026E /* 夜店.png in Resources */,
				0482F7D620E5C6EF00DB4D19 /* AR1.mp4 in Resources */,
				04479066212E676F00FF8A72 /* test_3.png in Resources */,
				3DDEFCB0159B640C00B4EC41 /* InfoPlist.strings in Resources */,
				044AD47F2122B69200B6026E /* 周末.acv in Resources */,
				044AD48C2122B69200B6026E /* 天真.png in Resources */,
				0447906C212E676F00FF8A72 /* test_4.png in Resources */,
				044AD4772122B69200B6026E /* 印象.png in Resources */,
				043D23972118452500422204 /* OldVideo.fsh in Resources */,
				044AD4702122B69200B6026E /* 晚秋.acv in Resources */,
				044AD49C2122B69200B6026E /* 森林.acv in Resources */,
				04479067212E676F00FF8A72 /* test_2.png in Resources */,
				044AD49D2122B69200B6026E /* 暖阳.png in Resources */,
				0482F7D220E52F1800DB4D19 /* Shader.vsh in Resources */,
				044AD49E2122B69200B6026E /* 童话.png in Resources */,
				044AD4752122B69200B6026E /* 印象.acv in Resources */,
				044D42392109B55000A339EC /* BeautyFilter.fsh in Resources */,
				04479062212E676F00FF8A72 /* test_11.png in Resources */,
				044AD47D2122B69200B6026E /* 布丁.png in Resources */,
				044AD47B2122B69200B6026E /* 天真.acv in Resources */,
				04479065212E676F00FF8A72 /* bg_main.jpg in Resources */,
				044AD4A22122B69200B6026E /* 清新.png in Resources */,
				044AD4732122B69200B6026E /* 正常.acv in Resources */,
				0447906A212E676F00FF8A72 /* test_1.png in Resources */,
				044AD4982122B69200B6026E /* 可爱.png in Resources */,
				04DB88E62113670B00852619 /* Soul_Scale.fsh in Resources */,
				044AD49F2122B69200B6026E /* 加州.acv in Resources */,
				044AD4932122B69200B6026E /* 片场.png in Resources */,
				043D239321181F4200422204 /* Hallucination.fsh in Resources */,
				0446CE86210F05E200D421A0 /* Bulge.fsh in Resources */,
				04479060212E676F00FF8A72 /* test_9.png in Resources */,
				044AD48B2122B69200B6026E /* 曲奇.acv in Resources */,
				044AD4902122B69200B6026E /* 黄昏.png in Resources */,
				044AD47A2122B69200B6026E /* 回忆.png in Resources */,
				044AD4952122B69200B6026E /* 纯净.png in Resources */,
				044AD4792122B69200B6026E /* 正常.png in Resources */,
				044AD4852122B69200B6026E /* 片场.acv in Resources */,
				044AD48A2122B69200B6026E /* 夜店.acv in Resources */,
				044AD4692122B69200B6026E /* 草木绿.acv in Resources */,
				044AD4842122B69200B6026E /* 加州.png in Resources */,
				043C24592122D5D8003616DF /* EdgeDiscard.fsh in Resources */,
				044AD4802122B69200B6026E /* 回忆.acv in Resources */,
				0447906E212E676F00FF8A72 /* test_7.png in Resources */,
				044AD4782122B69200B6026E /* 碧海.acv in Resources */,
				044AD46D2122B69200B6026E /* 奶茶.acv in Resources */,
				044AD48D2122B69200B6026E /* 薄荷.png in Resources */,
				043D239B2118631D00422204 /* EdgeShine.fsh in Resources */,
				044AD4912122B69200B6026E /* 午后.acv in Resources */,
				043D23952118293C00422204 /* Multicoloured.fsh in Resources */,
				044AD47C2122B69200B6026E /* 暖暖.png in Resources */,
				0446CE84210EF19400D421A0 /* Symmetry.fsh in Resources */,
				04479064212E676F00FF8A72 /* empty_btn_highlight.png in Resources */,
				044AD46B2122B69200B6026E /* 纯净.acv in Resources */,
				043C24582122D5D8003616DF /* ColumnsSliced.fsh in Resources */,
				04479068212E676F00FF8A72 /* test_0.png in Resources */,
				044AD46C2122B69200B6026E /* 童话.acv in Resources */,
				044AD49A2122B69200B6026E /* 可爱.acv in Resources */,
				044AD4742122B69200B6026E /* 晚秋.png in Resources */,
				044AD49B2122B69200B6026E /* 暖阳.acv in Resources */,
				044AD4A32122B69200B6026E /* 曲奇.png in Resources */,
				044AD4882122B69200B6026E /* 棉花糖.acv in Resources */,
				04479063212E676F00FF8A72 /* test_10.png in Resources */,
				044AD4762122B69200B6026E /* 暖暖.acv in Resources */,
				044AD4972122B69200B6026E /* 森林.png in Resources */,
				044AD4812122B69200B6026E /* 午后.png in Resources */,
				0447906D212E676F00FF8A72 /* test_6.png in Resources */,
				044AD4962122B69200B6026E /* 棉花糖.png in Resources */,
				044AD4722122B69200B6026E /* 清新.acv in Resources */,
				044AD4712122B69200B6026E /* 初夏.png in Resources */,
				044AD4832122B69200B6026E /* 黄昏.acv in Resources */,
				0447906B212E676F00FF8A72 /* test_5.png in Resources */,
				044AD3B021228E6900B6026E /* ToneCurve.fsh in Resources */,
				044AD4922122B69200B6026E /* 冬青.png in Resources */,
			);
			runOnlyForDeploymentPostprocessing = 0;
		};
/* End PBXResourcesBuildPhase section */

/* Begin PBXSourcesBuildPhase section */
		3DDEFC99159B640C00B4EC41 /* Sources */ = {
			isa = PBXSourcesBuildPhase;
			buildActionMask = 2147483647;
			files = (
				0482F7C620E52F1800DB4D19 /* VIMVideoPlayer.m in Sources */,
				0482F7CB20E52F1800DB4D19 /* SZTVideoTexture.m in Sources */,
				044AD3B6212293F900B6026E /* NVACVFile.m in Sources */,
				0482F7E220E5E8FF00DB4D19 /* NVCamera.m in Sources */,
				0482F7CE20E52F1800DB4D19 /* NVPlane.m in Sources */,
				3DDEFCB2159B640C00B4EC41 /* main.m in Sources */,
				0482F7E620E6381D00DB4D19 /* NVObject.m in Sources */,
				0482F7C720E52F1800DB4D19 /* VIMVideoPlayerView.m in Sources */,
				0482F7C420E52F1800DB4D19 /* NVRenderObject.m in Sources */,
				0482F7D020E52F1800DB4D19 /* NVDrawShape.m in Sources */,
				3DDEFCB6159B640C00B4EC41 /* AppDelegate.m in Sources */,
				0482F7CD20E52F1800DB4D19 /* SZTVideoData.m in Sources */,
				0482F7C520E52F1800DB4D19 /* NVRecord.m in Sources */,
				0482F7C820E52F1800DB4D19 /* SZTTexture.m in Sources */,
				0482F7C920E52F1800DB4D19 /* NVViewController.m in Sources */,
				04DB88E4211306A900852619 /* NVCIFilter.m in Sources */,
				0482F7DE20E5E7D900DB4D19 /* DeviceManager.m in Sources */,
				0447902E212D3FB500FF8A72 /* MainViewController.m in Sources */,
				04479038212E5CF900FF8A72 /* TableViewController.m in Sources */,
				04DB88DD2112F1F800852619 /* CIFilter+LUT.m in Sources */,
				0482F7CA20E52F1800DB4D19 /* NVProgram.m in Sources */,
				044AD3B32122935B00B6026E /* NVToneCurveTexture.m in Sources */,
				0482F7CF20E52F1800DB4D19 /* NVFbo.m in Sources */,
				0482F7C320E52F1800DB4D19 /* NVVideo.m in Sources */,
				0482F7CC20E52F1800DB4D19 /* GLUtils.m in Sources */,
				0482F7DF20E5E7D900DB4D19 /* LocalCameraUtil.m in Sources */,
				04479071212E6FEE00FF8A72 /* CollectionViewCell.m in Sources */,
				0482F7ED20E63B3000DB4D19 /* NVGLCamera.m in Sources */,
			);
			runOnlyForDeploymentPostprocessing = 0;
		};
/* End PBXSourcesBuildPhase section */

/* Begin PBXVariantGroup section */
		3DDEFCAE159B640C00B4EC41 /* InfoPlist.strings */ = {
			isa = PBXVariantGroup;
			children = (
				3DDEFCAF159B640C00B4EC41 /* en */,
			);
			name = InfoPlist.strings;
			sourceTree = "<group>";
		};
/* End PBXVariantGroup section */

/* Begin XCBuildConfiguration section */
		3DDEFCC1159B640C00B4EC41 /* Debug */ = {
			isa = XCBuildConfiguration;
			buildSettings = {
				ALWAYS_SEARCH_USER_PATHS = NO;
				ARCHS = "$(ARCHS_STANDARD_32_BIT)";
				CLANG_ENABLE_OBJC_ARC = YES;
				"CODE_SIGN_IDENTITY[sdk=iphoneos*]" = "iPhone Developer";
				COPY_PHASE_STRIP = NO;
				GCC_C_LANGUAGE_STANDARD = gnu99;
				GCC_DYNAMIC_NO_PIC = NO;
				GCC_OPTIMIZATION_LEVEL = 0;
				GCC_PREPROCESSOR_DEFINITIONS = (
					"DEBUG=1",
					"$(inherited)",
				);
				GCC_SYMBOLS_PRIVATE_EXTERN = NO;
				GCC_VERSION = com.apple.compilers.llvm.clang.1_0;
				GCC_WARN_ABOUT_RETURN_TYPE = YES;
				GCC_WARN_UNINITIALIZED_AUTOS = YES;
				GCC_WARN_UNUSED_VARIABLE = YES;
				IPHONEOS_DEPLOYMENT_TARGET = 5.1;
				SDKROOT = iphoneos;
				TARGETED_DEVICE_FAMILY = 2;
			};
			name = Debug;
		};
		3DDEFCC2159B640C00B4EC41 /* Release */ = {
			isa = XCBuildConfiguration;
			buildSettings = {
				ALWAYS_SEARCH_USER_PATHS = NO;
				ARCHS = "$(ARCHS_STANDARD_32_BIT)";
				CLANG_ENABLE_OBJC_ARC = YES;
				"CODE_SIGN_IDENTITY[sdk=iphoneos*]" = "iPhone Developer";
				COPY_PHASE_STRIP = YES;
				GCC_C_LANGUAGE_STANDARD = gnu99;
				GCC_VERSION = com.apple.compilers.llvm.clang.1_0;
				GCC_WARN_ABOUT_RETURN_TYPE = YES;
				GCC_WARN_UNINITIALIZED_AUTOS = YES;
				GCC_WARN_UNUSED_VARIABLE = YES;
				IPHONEOS_DEPLOYMENT_TARGET = 5.1;
				OTHER_CFLAGS = "-DNS_BLOCK_ASSERTIONS=1";
				SDKROOT = iphoneos;
				TARGETED_DEVICE_FAMILY = 2;
				VALIDATE_PRODUCT = YES;
			};
			name = Release;
		};
		3DDEFCC4159B640C00B4EC41 /* Debug */ = {
			isa = XCBuildConfiguration;
			buildSettings = {
				ARCHS = "$(ARCHS_STANDARD)";
				DEVELOPMENT_TEAM = 6J62AU9PV3;
				GCC_PRECOMPILE_PREFIX_HEADER = YES;
				GCC_PREFIX_HEADER = "NVRecodeDemo/NVRecodeDemo-Prefix.pch";
				"GCC_THUMB_SUPPORT[arch=armv6]" = "";
				INFOPLIST_FILE = "$(SRCROOT)/NVRecodeDemo/NVRecodeDemo-Info.plist";
				IPHONEOS_DEPLOYMENT_TARGET = 10.0;
				PRODUCT_BUNDLE_IDENTIFIER = NVRecodeDemo;
				PRODUCT_NAME = "$(TARGET_NAME)";
				TARGETED_DEVICE_FAMILY = "1,2";
				WRAPPER_EXTENSION = app;
			};
			name = Debug;
		};
		3DDEFCC5159B640C00B4EC41 /* Release */ = {
			isa = XCBuildConfiguration;
			buildSettings = {
				ARCHS = "$(ARCHS_STANDARD)";
				DEVELOPMENT_TEAM = 6J62AU9PV3;
				GCC_PRECOMPILE_PREFIX_HEADER = YES;
				GCC_PREFIX_HEADER = "NVRecodeDemo/NVRecodeDemo-Prefix.pch";
				"GCC_THUMB_SUPPORT[arch=armv6]" = "";
				INFOPLIST_FILE = "$(SRCROOT)/NVRecodeDemo/NVRecodeDemo-Info.plist";
				IPHONEOS_DEPLOYMENT_TARGET = 10.0;
				PRODUCT_BUNDLE_IDENTIFIER = NVRecodeDemo;
				PRODUCT_NAME = "$(TARGET_NAME)";
				TARGETED_DEVICE_FAMILY = "1,2";
				WRAPPER_EXTENSION = app;
			};
			name = Release;
		};
/* End XCBuildConfiguration section */

/* Begin XCConfigurationList section */
		3DDEFC97159B640C00B4EC41 /* Build configuration list for PBXProject "NVRecodeDemo" */ = {
			isa = XCConfigurationList;
			buildConfigurations = (
				3DDEFCC1159B640C00B4EC41 /* Debug */,
				3DDEFCC2159B640C00B4EC41 /* Release */,
			);
			defaultConfigurationIsVisible = 0;
			defaultConfigurationName = Release;
		};
		3DDEFCC3159B640C00B4EC41 /* Build configuration list for PBXNativeTarget "NVRecodeDemo" */ = {
			isa = XCConfigurationList;
			buildConfigurations = (
				3DDEFCC4159B640C00B4EC41 /* Debug */,
				3DDEFCC5159B640C00B4EC41 /* Release */,
			);
			defaultConfigurationIsVisible = 0;
			defaultConfigurationName = Release;
		};
/* End XCConfigurationList section */
	};
	rootObject = 3DDEFC94159B640C00B4EC41 /* Project object */;
}
